// !$*UTF8*$!
{
	archiveVersion = 1;
	classes = {
	};
	objectVersion = 55;
	objects = {

/* Begin PBXBuildFile section */
		0ED354A3276A24E4002C4D81 /* DesafioGitHubApp.swift in Sources */ = {isa = PBXBuildFile; fileRef = 0ED354A2276A24E4002C4D81 /* DesafioGitHubApp.swift */; };
		0ED354A5276A24E4002C4D81 /* GitHubRepoNavigationView.swift in Sources */ = {isa = PBXBuildFile; fileRef = 0ED354A4276A24E4002C4D81 /* GitHubRepoNavigationView.swift */; };
		0ED354A7276A24E6002C4D81 /* Assets.xcassets in Resources */ = {isa = PBXBuildFile; fileRef = 0ED354A6276A24E6002C4D81 /* Assets.xcassets */; };
		0ED354AA276A24E6002C4D81 /* Preview Assets.xcassets in Resources */ = {isa = PBXBuildFile; fileRef = 0ED354A9276A24E6002C4D81 /* Preview Assets.xcassets */; };
		0ED354B4276A24E6002C4D81 /* DesafioGitHubTests.swift in Sources */ = {isa = PBXBuildFile; fileRef = 0ED354B3276A24E6002C4D81 /* DesafioGitHubTests.swift */; };
		0ED354BE276A24E6002C4D81 /* DesafioGitHubUITests.swift in Sources */ = {isa = PBXBuildFile; fileRef = 0ED354BD276A24E6002C4D81 /* DesafioGitHubUITests.swift */; };
		0ED354C0276A24E6002C4D81 /* DesafioGitHubUITestsLaunchTests.swift in Sources */ = {isa = PBXBuildFile; fileRef = 0ED354BF276A24E6002C4D81 /* DesafioGitHubUITestsLaunchTests.swift */; };
		0ED354CF276A5ACB002C4D81 /* GitHubRepositorySearchService.swift in Sources */ = {isa = PBXBuildFile; fileRef = 0ED354CE276A5ACB002C4D81 /* GitHubRepositorySearchService.swift */; };
		0ED354D1276A5BAE002C4D81 /* SortBy.swift in Sources */ = {isa = PBXBuildFile; fileRef = 0ED354D0276A5BAE002C4D81 /* SortBy.swift */; };
		0ED354D4276A5BE3002C4D81 /* Queryable.swift in Sources */ = {isa = PBXBuildFile; fileRef = 0ED354D3276A5BE3002C4D81 /* Queryable.swift */; };
		0ED354D7276A5CE1002C4D81 /* Alamofire in Frameworks */ = {isa = PBXBuildFile; productRef = 0ED354D6276A5CE1002C4D81 /* Alamofire */; };
		0ED354DC276A5FD9002C4D81 /* Repository.swift in Sources */ = {isa = PBXBuildFile; fileRef = 0ED354DB276A5FD9002C4D81 /* Repository.swift */; };
		0ED354DE276A614D002C4D81 /* Owner.swift in Sources */ = {isa = PBXBuildFile; fileRef = 0ED354DD276A614D002C4D81 /* Owner.swift */; };
		0ED354E1276A6263002C4D81 /* RepositoryListViewModel.swift in Sources */ = {isa = PBXBuildFile; fileRef = 0ED354E0276A6263002C4D81 /* RepositoryListViewModel.swift */; };
		0ED354E3276A6814002C4D81 /* GitHubRepoDetailsView.swift in Sources */ = {isa = PBXBuildFile; fileRef = 0ED354E2276A6814002C4D81 /* GitHubRepoDetailsView.swift */; };
		0ED354E5276A900A002C4D81 /* UrlImageModel.swift in Sources */ = {isa = PBXBuildFile; fileRef = 0ED354E4276A900A002C4D81 /* UrlImageModel.swift */; };
		0ED354E7276A9184002C4D81 /* GitHubAvatarService.swift in Sources */ = {isa = PBXBuildFile; fileRef = 0ED354E6276A9184002C4D81 /* GitHubAvatarService.swift */; };
/* End PBXBuildFile section */

/* Begin PBXContainerItemProxy section */
		0ED354B0276A24E6002C4D81 /* PBXContainerItemProxy */ = {
			isa = PBXContainerItemProxy;
			containerPortal = 0ED35497276A24E4002C4D81 /* Project object */;
			proxyType = 1;
			remoteGlobalIDString = 0ED3549E276A24E4002C4D81;
			remoteInfo = DesafioGitHub;
		};
		0ED354BA276A24E6002C4D81 /* PBXContainerItemProxy */ = {
			isa = PBXContainerItemProxy;
			containerPortal = 0ED35497276A24E4002C4D81 /* Project object */;
			proxyType = 1;
			remoteGlobalIDString = 0ED3549E276A24E4002C4D81;
			remoteInfo = DesafioGitHub;
		};
/* End PBXContainerItemProxy section */

/* Begin PBXFileReference section */
		0ED3549F276A24E4002C4D81 /* DesafioGitHub.app */ = {isa = PBXFileReference; explicitFileType = wrapper.application; includeInIndex = 0; path = DesafioGitHub.app; sourceTree = BUILT_PRODUCTS_DIR; };
		0ED354A2276A24E4002C4D81 /* DesafioGitHubApp.swift */ = {isa = PBXFileReference; lastKnownFileType = sourcecode.swift; path = DesafioGitHubApp.swift; sourceTree = "<group>"; };
		0ED354A4276A24E4002C4D81 /* GitHubRepoNavigationView.swift */ = {isa = PBXFileReference; lastKnownFileType = sourcecode.swift; path = GitHubRepoNavigationView.swift; sourceTree = "<group>"; };
		0ED354A6276A24E6002C4D81 /* Assets.xcassets */ = {isa = PBXFileReference; lastKnownFileType = folder.assetcatalog; path = Assets.xcassets; sourceTree = "<group>"; };
		0ED354A9276A24E6002C4D81 /* Preview Assets.xcassets */ = {isa = PBXFileReference; lastKnownFileType = folder.assetcatalog; path = "Preview Assets.xcassets"; sourceTree = "<group>"; };
		0ED354AF276A24E6002C4D81 /* DesafioGitHubTests.xctest */ = {isa = PBXFileReference; explicitFileType = wrapper.cfbundle; includeInIndex = 0; path = DesafioGitHubTests.xctest; sourceTree = BUILT_PRODUCTS_DIR; };
		0ED354B3276A24E6002C4D81 /* DesafioGitHubTests.swift */ = {isa = PBXFileReference; lastKnownFileType = sourcecode.swift; path = DesafioGitHubTests.swift; sourceTree = "<group>"; };
		0ED354B9276A24E6002C4D81 /* DesafioGitHubUITests.xctest */ = {isa = PBXFileReference; explicitFileType = wrapper.cfbundle; includeInIndex = 0; path = DesafioGitHubUITests.xctest; sourceTree = BUILT_PRODUCTS_DIR; };
		0ED354BD276A24E6002C4D81 /* DesafioGitHubUITests.swift */ = {isa = PBXFileReference; lastKnownFileType = sourcecode.swift; path = DesafioGitHubUITests.swift; sourceTree = "<group>"; };
		0ED354BF276A24E6002C4D81 /* DesafioGitHubUITestsLaunchTests.swift */ = {isa = PBXFileReference; lastKnownFileType = sourcecode.swift; path = DesafioGitHubUITestsLaunchTests.swift; sourceTree = "<group>"; };
		0ED354CE276A5ACB002C4D81 /* GitHubRepositorySearchService.swift */ = {isa = PBXFileReference; lastKnownFileType = sourcecode.swift; path = GitHubRepositorySearchService.swift; sourceTree = "<group>"; };
		0ED354D0276A5BAE002C4D81 /* SortBy.swift */ = {isa = PBXFileReference; lastKnownFileType = sourcecode.swift; path = SortBy.swift; sourceTree = "<group>"; };
		0ED354D3276A5BE3002C4D81 /* Queryable.swift */ = {isa = PBXFileReference; lastKnownFileType = sourcecode.swift; path = Queryable.swift; sourceTree = "<group>"; };
		0ED354DB276A5FD9002C4D81 /* Repository.swift */ = {isa = PBXFileReference; lastKnownFileType = sourcecode.swift; path = Repository.swift; sourceTree = "<group>"; };
		0ED354DD276A614D002C4D81 /* Owner.swift */ = {isa = PBXFileReference; lastKnownFileType = sourcecode.swift; path = Owner.swift; sourceTree = "<group>"; };
		0ED354E0276A6263002C4D81 /* RepositoryListViewModel.swift */ = {isa = PBXFileReference; lastKnownFileType = sourcecode.swift; path = RepositoryListViewModel.swift; sourceTree = "<group>"; };
		0ED354E2276A6814002C4D81 /* GitHubRepoDetailsView.swift */ = {isa = PBXFileReference; lastKnownFileType = sourcecode.swift; path = GitHubRepoDetailsView.swift; sourceTree = "<group>"; };
		0ED354E4276A900A002C4D81 /* UrlImageModel.swift */ = {isa = PBXFileReference; lastKnownFileType = sourcecode.swift; path = UrlImageModel.swift; sourceTree = "<group>"; };
		0ED354E6276A9184002C4D81 /* GitHubAvatarService.swift */ = {isa = PBXFileReference; lastKnownFileType = sourcecode.swift; path = GitHubAvatarService.swift; sourceTree = "<group>"; };
/* End PBXFileReference section */

/* Begin PBXFrameworksBuildPhase section */
		0ED3549C276A24E4002C4D81 /* Frameworks */ = {
			isa = PBXFrameworksBuildPhase;
			buildActionMask = 2147483647;
			files = (
				0ED354D7276A5CE1002C4D81 /* Alamofire in Frameworks */,
			);
			runOnlyForDeploymentPostprocessing = 0;
		};
		0ED354AC276A24E6002C4D81 /* Frameworks */ = {
			isa = PBXFrameworksBuildPhase;
			buildActionMask = 2147483647;
			files = (
			);
			runOnlyForDeploymentPostprocessing = 0;
		};
		0ED354B6276A24E6002C4D81 /* Frameworks */ = {
			isa = PBXFrameworksBuildPhase;
			buildActionMask = 2147483647;
			files = (
			);
			runOnlyForDeploymentPostprocessing = 0;
		};
/* End PBXFrameworksBuildPhase section */

/* Begin PBXGroup section */
		0ED35496276A24E4002C4D81 = {
			isa = PBXGroup;
			children = (
				0ED354A1276A24E4002C4D81 /* DesafioGitHub */,
				0ED354B2276A24E6002C4D81 /* DesafioGitHubTests */,
				0ED354BC276A24E6002C4D81 /* DesafioGitHubUITests */,
				0ED354A0276A24E4002C4D81 /* Products */,
			);
			sourceTree = "<group>";
		};
		0ED354A0276A24E4002C4D81 /* Products */ = {
			isa = PBXGroup;
			children = (
				0ED3549F276A24E4002C4D81 /* DesafioGitHub.app */,
				0ED354AF276A24E6002C4D81 /* DesafioGitHubTests.xctest */,
				0ED354B9276A24E6002C4D81 /* DesafioGitHubUITests.xctest */,
			);
			name = Products;
			sourceTree = "<group>";
		};
		0ED354A1276A24E4002C4D81 /* DesafioGitHub */ = {
			isa = PBXGroup;
			children = (
				0ED354D9276A5FAE002C4D81 /* Models */,
				0ED354CC276A26CB002C4D81 /* Views */,
				0ED354DF276A61F8002C4D81 /* ViewModels */,
				0ED354D2276A5BD4002C4D81 /* Protocols */,
				0ED354CD276A5AA4002C4D81 /* Services */,
				0ED354A2276A24E4002C4D81 /* DesafioGitHubApp.swift */,
				0ED354A6276A24E6002C4D81 /* Assets.xcassets */,
				0ED354A8276A24E6002C4D81 /* Preview Content */,
			);
			path = DesafioGitHub;
			sourceTree = "<group>";
		};
		0ED354A8276A24E6002C4D81 /* Preview Content */ = {
			isa = PBXGroup;
			children = (
				0ED354A9276A24E6002C4D81 /* Preview Assets.xcassets */,
			);
			path = "Preview Content";
			sourceTree = "<group>";
		};
		0ED354B2276A24E6002C4D81 /* DesafioGitHubTests */ = {
			isa = PBXGroup;
			children = (
				0ED354B3276A24E6002C4D81 /* DesafioGitHubTests.swift */,
			);
			path = DesafioGitHubTests;
			sourceTree = "<group>";
		};
		0ED354BC276A24E6002C4D81 /* DesafioGitHubUITests */ = {
			isa = PBXGroup;
			children = (
				0ED354BD276A24E6002C4D81 /* DesafioGitHubUITests.swift */,
				0ED354BF276A24E6002C4D81 /* DesafioGitHubUITestsLaunchTests.swift */,
			);
			path = DesafioGitHubUITests;
			sourceTree = "<group>";
		};
		0ED354CC276A26CB002C4D81 /* Views */ = {
			isa = PBXGroup;
			children = (
				0ED354A4276A24E4002C4D81 /* GitHubRepoNavigationView.swift */,
				0ED354E2276A6814002C4D81 /* GitHubRepoDetailsView.swift */,
			);
			path = Views;
			sourceTree = "<group>";
		};
		0ED354CD276A5AA4002C4D81 /* Services */ = {
			isa = PBXGroup;
			children = (
				0ED354CE276A5ACB002C4D81 /* GitHubRepositorySearchService.swift */,
				0ED354D0276A5BAE002C4D81 /* SortBy.swift */,
				0ED354E6276A9184002C4D81 /* GitHubAvatarService.swift */,
			);
			path = Services;
			sourceTree = "<group>";
		};
		0ED354D2276A5BD4002C4D81 /* Protocols */ = {
			isa = PBXGroup;
			children = (
				0ED354D3276A5BE3002C4D81 /* Queryable.swift */,
			);
			path = Protocols;
			sourceTree = "<group>";
		};
		0ED354D9276A5FAE002C4D81 /* Models */ = {
			isa = PBXGroup;
			children = (
				0ED354DB276A5FD9002C4D81 /* Repository.swift */,
				0ED354DD276A614D002C4D81 /* Owner.swift */,
				0ED354E4276A900A002C4D81 /* UrlImageModel.swift */,
			);
			path = Models;
			sourceTree = "<group>";
		};
		0ED354DF276A61F8002C4D81 /* ViewModels */ = {
			isa = PBXGroup;
			children = (
				0ED354E0276A6263002C4D81 /* RepositoryListViewModel.swift */,
			);
			path = ViewModels;
			sourceTree = "<group>";
		};
/* End PBXGroup section */

/* Begin PBXNativeTarget section */
		0ED3549E276A24E4002C4D81 /* DesafioGitHub */ = {
			isa = PBXNativeTarget;
			buildConfigurationList = 0ED354C3276A24E6002C4D81 /* Build configuration list for PBXNativeTarget "DesafioGitHub" */;
			buildPhases = (
				0ED3549B276A24E4002C4D81 /* Sources */,
				0ED354D8276A5E76002C4D81 /* Run Linter */,
				0ED3549C276A24E4002C4D81 /* Frameworks */,
				0ED3549D276A24E4002C4D81 /* Resources */,
			);
			buildRules = (
			);
			dependencies = (
			);
			name = DesafioGitHub;
			packageProductDependencies = (
				0ED354D6276A5CE1002C4D81 /* Alamofire */,
			);
			productName = DesafioGitHub;
			productReference = 0ED3549F276A24E4002C4D81 /* DesafioGitHub.app */;
			productType = "com.apple.product-type.application";
		};
		0ED354AE276A24E6002C4D81 /* DesafioGitHubTests */ = {
			isa = PBXNativeTarget;
			buildConfigurationList = 0ED354C6276A24E6002C4D81 /* Build configuration list for PBXNativeTarget "DesafioGitHubTests" */;
			buildPhases = (
				0ED354AB276A24E6002C4D81 /* Sources */,
				0ED354AC276A24E6002C4D81 /* Frameworks */,
				0ED354AD276A24E6002C4D81 /* Resources */,
			);
			buildRules = (
			);
			dependencies = (
				0ED354B1276A24E6002C4D81 /* PBXTargetDependency */,
			);
			name = DesafioGitHubTests;
			productName = DesafioGitHubTests;
			productReference = 0ED354AF276A24E6002C4D81 /* DesafioGitHubTests.xctest */;
			productType = "com.apple.product-type.bundle.unit-test";
		};
		0ED354B8276A24E6002C4D81 /* DesafioGitHubUITests */ = {
			isa = PBXNativeTarget;
			buildConfigurationList = 0ED354C9276A24E6002C4D81 /* Build configuration list for PBXNativeTarget "DesafioGitHubUITests" */;
			buildPhases = (
				0ED354B5276A24E6002C4D81 /* Sources */,
				0ED354B6276A24E6002C4D81 /* Frameworks */,
				0ED354B7276A24E6002C4D81 /* Resources */,
			);
			buildRules = (
			);
			dependencies = (
				0ED354BB276A24E6002C4D81 /* PBXTargetDependency */,
			);
			name = DesafioGitHubUITests;
			productName = DesafioGitHubUITests;
			productReference = 0ED354B9276A24E6002C4D81 /* DesafioGitHubUITests.xctest */;
			productType = "com.apple.product-type.bundle.ui-testing";
		};
/* End PBXNativeTarget section */

/* Begin PBXProject section */
		0ED35497276A24E4002C4D81 /* Project object */ = {
			isa = PBXProject;
			attributes = {
				BuildIndependentTargetsInParallel = 1;
				LastSwiftUpdateCheck = 1310;
				LastUpgradeCheck = 1310;
				TargetAttributes = {
					0ED3549E276A24E4002C4D81 = {
						CreatedOnToolsVersion = 13.1;
					};
					0ED354AE276A24E6002C4D81 = {
						CreatedOnToolsVersion = 13.1;
						TestTargetID = 0ED3549E276A24E4002C4D81;
					};
					0ED354B8276A24E6002C4D81 = {
						CreatedOnToolsVersion = 13.1;
						TestTargetID = 0ED3549E276A24E4002C4D81;
					};
				};
			};
			buildConfigurationList = 0ED3549A276A24E4002C4D81 /* Build configuration list for PBXProject "DesafioGitHub" */;
			compatibilityVersion = "Xcode 13.0";
			developmentRegion = en;
			hasScannedForEncodings = 0;
			knownRegions = (
				en,
				Base,
			);
			mainGroup = 0ED35496276A24E4002C4D81;
			packageReferences = (
				0ED354D5276A5CE1002C4D81 /* XCRemoteSwiftPackageReference "Alamofire" */,
			);
			productRefGroup = 0ED354A0276A24E4002C4D81 /* Products */;
			projectDirPath = "";
			projectRoot = "";
			targets = (
				0ED3549E276A24E4002C4D81 /* DesafioGitHub */,
				0ED354AE276A24E6002C4D81 /* DesafioGitHubTests */,
				0ED354B8276A24E6002C4D81 /* DesafioGitHubUITests */,
			);
		};
/* End PBXProject section */

/* Begin PBXResourcesBuildPhase section */
		0ED3549D276A24E4002C4D81 /* Resources */ = {
			isa = PBXResourcesBuildPhase;
			buildActionMask = 2147483647;
			files = (
				0ED354AA276A24E6002C4D81 /* Preview Assets.xcassets in Resources */,
				0ED354A7276A24E6002C4D81 /* Assets.xcassets in Resources */,
			);
			runOnlyForDeploymentPostprocessing = 0;
		};
		0ED354AD276A24E6002C4D81 /* Resources */ = {
			isa = PBXResourcesBuildPhase;
			buildActionMask = 2147483647;
			files = (
			);
			runOnlyForDeploymentPostprocessing = 0;
		};
		0ED354B7276A24E6002C4D81 /* Resources */ = {
			isa = PBXResourcesBuildPhase;
			buildActionMask = 2147483647;
			files = (
			);
			runOnlyForDeploymentPostprocessing = 0;
		};
/* End PBXResourcesBuildPhase section */

/* Begin PBXShellScriptBuildPhase section */
		0ED354D8276A5E76002C4D81 /* Run Linter */ = {
			isa = PBXShellScriptBuildPhase;
			buildActionMask = 2147483647;
			files = (
			);
			inputFileListPaths = (
			);
			inputPaths = (
			);
			name = "Run Linter";
			outputFileListPaths = (
			);
			outputPaths = (
			);
			runOnlyForDeploymentPostprocessing = 0;
			shellPath = /bin/sh;
			shellScript = "swiftlint='/opt/homebrew/bin/swiftlint'\n\nif which $swiftlint >/dev/null; then\n    $swiftlint autocorrect && $swiftlint\nelse\n    echo \"warning: SwiftLint not installed, download from https://github.com/realm/SwiftLint\"\nfi\n";
		};
/* End PBXShellScriptBuildPhase section */

/* Begin PBXSourcesBuildPhase section */
		0ED3549B276A24E4002C4D81 /* Sources */ = {
			isa = PBXSourcesBuildPhase;
			buildActionMask = 2147483647;
			files = (
				0ED354E1276A6263002C4D81 /* RepositoryListViewModel.swift in Sources */,
				0ED354D4276A5BE3002C4D81 /* Queryable.swift in Sources */,
				0ED354A5276A24E4002C4D81 /* GitHubRepoNavigationView.swift in Sources */,
				0ED354E5276A900A002C4D81 /* UrlImageModel.swift in Sources */,
				0ED354DE276A614D002C4D81 /* Owner.swift in Sources */,
				0ED354A3276A24E4002C4D81 /* DesafioGitHubApp.swift in Sources */,
				0ED354D1276A5BAE002C4D81 /* SortBy.swift in Sources */,
				0ED354E3276A6814002C4D81 /* GitHubRepoDetailsView.swift in Sources */,
				0ED354CF276A5ACB002C4D81 /* GitHubRepositorySearchService.swift in Sources */,
				0ED354E7276A9184002C4D81 /* GitHubAvatarService.swift in Sources */,
				0ED354DC276A5FD9002C4D81 /* Repository.swift in Sources */,
			);
			runOnlyForDeploymentPostprocessing = 0;
		};
		0ED354AB276A24E6002C4D81 /* Sources */ = {
			isa = PBXSourcesBuildPhase;
			buildActionMask = 2147483647;
			files = (
				0ED354B4276A24E6002C4D81 /* DesafioGitHubTests.swift in Sources */,
			);
			runOnlyForDeploymentPostprocessing = 0;
		};
		0ED354B5276A24E6002C4D81 /* Sources */ = {
			isa = PBXSourcesBuildPhase;
			buildActionMask = 2147483647;
			files = (
				0ED354BE276A24E6002C4D81 /* DesafioGitHubUITests.swift in Sources */,
				0ED354C0276A24E6002C4D81 /* DesafioGitHubUITestsLaunchTests.swift in Sources */,
			);
			runOnlyForDeploymentPostprocessing = 0;
		};
/* End PBXSourcesBuildPhase section */

/* Begin PBXTargetDependency section */
		0ED354B1276A24E6002C4D81 /* PBXTargetDependency */ = {
			isa = PBXTargetDependency;
			target = 0ED3549E276A24E4002C4D81 /* DesafioGitHub */;
			targetProxy = 0ED354B0276A24E6002C4D81 /* PBXContainerItemProxy */;
		};
		0ED354BB276A24E6002C4D81 /* PBXTargetDependency */ = {
			isa = PBXTargetDependency;
			target = 0ED3549E276A24E4002C4D81 /* DesafioGitHub */;
			targetProxy = 0ED354BA276A24E6002C4D81 /* PBXContainerItemProxy */;
		};
/* End PBXTargetDependency section */

/* Begin XCBuildConfiguration section */
		0ED354C1276A24E6002C4D81 /* Debug */ = {
			isa = XCBuildConfiguration;
			buildSettings = {
				ALWAYS_SEARCH_USER_PATHS = NO;
				CLANG_ANALYZER_NONNULL = YES;
				CLANG_ANALYZER_NUMBER_OBJECT_CONVERSION = YES_AGGRESSIVE;
				CLANG_CXX_LANGUAGE_STANDARD = "gnu++17";
				CLANG_CXX_LIBRARY = "libc++";
				CLANG_ENABLE_MODULES = YES;
				CLANG_ENABLE_OBJC_ARC = YES;
				CLANG_ENABLE_OBJC_WEAK = YES;
				CLANG_WARN_BLOCK_CAPTURE_AUTORELEASING = YES;
				CLANG_WARN_BOOL_CONVERSION = YES;
				CLANG_WARN_COMMA = YES;
				CLANG_WARN_CONSTANT_CONVERSION = YES;
				CLANG_WARN_DEPRECATED_OBJC_IMPLEMENTATIONS = YES;
				CLANG_WARN_DIRECT_OBJC_ISA_USAGE = YES_ERROR;
				CLANG_WARN_DOCUMENTATION_COMMENTS = YES;
				CLANG_WARN_EMPTY_BODY = YES;
				CLANG_WARN_ENUM_CONVERSION = YES;
				CLANG_WARN_INFINITE_RECURSION = YES;
				CLANG_WARN_INT_CONVERSION = YES;
				CLANG_WARN_NON_LITERAL_NULL_CONVERSION = YES;
				CLANG_WARN_OBJC_IMPLICIT_RETAIN_SELF = YES;
				CLANG_WARN_OBJC_LITERAL_CONVERSION = YES;
				CLANG_WARN_OBJC_ROOT_CLASS = YES_ERROR;
				CLANG_WARN_QUOTED_INCLUDE_IN_FRAMEWORK_HEADER = YES;
				CLANG_WARN_RANGE_LOOP_ANALYSIS = YES;
				CLANG_WARN_STRICT_PROTOTYPES = YES;
				CLANG_WARN_SUSPICIOUS_MOVE = YES;
				CLANG_WARN_UNGUARDED_AVAILABILITY = YES_AGGRESSIVE;
				CLANG_WARN_UNREACHABLE_CODE = YES;
				CLANG_WARN__DUPLICATE_METHOD_MATCH = YES;
				COPY_PHASE_STRIP = NO;
				DEBUG_INFORMATION_FORMAT = dwarf;
				ENABLE_STRICT_OBJC_MSGSEND = YES;
				ENABLE_TESTABILITY = YES;
				GCC_C_LANGUAGE_STANDARD = gnu11;
				GCC_DYNAMIC_NO_PIC = NO;
				GCC_NO_COMMON_BLOCKS = YES;
				GCC_OPTIMIZATION_LEVEL = 0;
				GCC_PREPROCESSOR_DEFINITIONS = (
					"DEBUG=1",
					"$(inherited)",
				);
				GCC_WARN_64_TO_32_BIT_CONVERSION = YES;
				GCC_WARN_ABOUT_RETURN_TYPE = YES_ERROR;
				GCC_WARN_UNDECLARED_SELECTOR = YES;
				GCC_WARN_UNINITIALIZED_AUTOS = YES_AGGRESSIVE;
				GCC_WARN_UNUSED_FUNCTION = YES;
				GCC_WARN_UNUSED_VARIABLE = YES;
				IPHONEOS_DEPLOYMENT_TARGET = 15.0;
				MTL_ENABLE_DEBUG_INFO = INCLUDE_SOURCE;
				MTL_FAST_MATH = YES;
				ONLY_ACTIVE_ARCH = YES;
				SDKROOT = iphoneos;
				SWIFT_ACTIVE_COMPILATION_CONDITIONS = DEBUG;
				SWIFT_OPTIMIZATION_LEVEL = "-Onone";
			};
			name = Debug;
		};
		0ED354C2276A24E6002C4D81 /* Release */ = {
			isa = XCBuildConfiguration;
			buildSettings = {
				ALWAYS_SEARCH_USER_PATHS = NO;
				CLANG_ANALYZER_NONNULL = YES;
				CLANG_ANALYZER_NUMBER_OBJECT_CONVERSION = YES_AGGRESSIVE;
				CLANG_CXX_LANGUAGE_STANDARD = "gnu++17";
				CLANG_CXX_LIBRARY = "libc++";
				CLANG_ENABLE_MODULES = YES;
				CLANG_ENABLE_OBJC_ARC = YES;
				CLANG_ENABLE_OBJC_WEAK = YES;
				CLANG_WARN_BLOCK_CAPTURE_AUTORELEASING = YES;
				CLANG_WARN_BOOL_CONVERSION = YES;
				CLANG_WARN_COMMA = YES;
				CLANG_WARN_CONSTANT_CONVERSION = YES;
				CLANG_WARN_DEPRECATED_OBJC_IMPLEMENTATIONS = YES;
				CLANG_WARN_DIRECT_OBJC_ISA_USAGE = YES_ERROR;
				CLANG_WARN_DOCUMENTATION_COMMENTS = YES;
				CLANG_WARN_EMPTY_BODY = YES;
				CLANG_WARN_ENUM_CONVERSION = YES;
				CLANG_WARN_INFINITE_RECURSION = YES;
				CLANG_WARN_INT_CONVERSION = YES;
				CLANG_WARN_NON_LITERAL_NULL_CONVERSION = YES;
				CLANG_WARN_OBJC_IMPLICIT_RETAIN_SELF = YES;
				CLANG_WARN_OBJC_LITERAL_CONVERSION = YES;
				CLANG_WARN_OBJC_ROOT_CLASS = YES_ERROR;
				CLANG_WARN_QUOTED_INCLUDE_IN_FRAMEWORK_HEADER = YES;
				CLANG_WARN_RANGE_LOOP_ANALYSIS = YES;
				CLANG_WARN_STRICT_PROTOTYPES = YES;
				CLANG_WARN_SUSPICIOUS_MOVE = YES;
				CLANG_WARN_UNGUARDED_AVAILABILITY = YES_AGGRESSIVE;
				CLANG_WARN_UNREACHABLE_CODE = YES;
				CLANG_WARN__DUPLICATE_METHOD_MATCH = YES;
				COPY_PHASE_STRIP = NO;
				DEBUG_INFORMATION_FORMAT = "dwarf-with-dsym";
				ENABLE_NS_ASSERTIONS = NO;
				ENABLE_STRICT_OBJC_MSGSEND = YES;
				GCC_C_LANGUAGE_STANDARD = gnu11;
				GCC_NO_COMMON_BLOCKS = YES;
				GCC_WARN_64_TO_32_BIT_CONVERSION = YES;
				GCC_WARN_ABOUT_RETURN_TYPE = YES_ERROR;
				GCC_WARN_UNDECLARED_SELECTOR = YES;
				GCC_WARN_UNINITIALIZED_AUTOS = YES_AGGRESSIVE;
				GCC_WARN_UNUSED_FUNCTION = YES;
				GCC_WARN_UNUSED_VARIABLE = YES;
				IPHONEOS_DEPLOYMENT_TARGET = 15.0;
				MTL_ENABLE_DEBUG_INFO = NO;
				MTL_FAST_MATH = YES;
				SDKROOT = iphoneos;
				SWIFT_COMPILATION_MODE = wholemodule;
				SWIFT_OPTIMIZATION_LEVEL = "-O";
				VALIDATE_PRODUCT = YES;
			};
			name = Release;
		};
		0ED354C4276A24E6002C4D81 /* Debug */ = {
			isa = XCBuildConfiguration;
			buildSettings = {
				ASSETCATALOG_COMPILER_APPICON_NAME = AppIcon;
				ASSETCATALOG_COMPILER_GLOBAL_ACCENT_COLOR_NAME = AccentColor;
				CODE_SIGN_STYLE = Automatic;
				CURRENT_PROJECT_VERSION = 1;
				DEVELOPMENT_ASSET_PATHS = "\"DesafioGitHub/Preview Content\"";
				ENABLE_PREVIEWS = YES;
				GENERATE_INFOPLIST_FILE = YES;
				INFOPLIST_KEY_UIApplicationSceneManifest_Generation = YES;
				INFOPLIST_KEY_UIApplicationSupportsIndirectInputEvents = YES;
				INFOPLIST_KEY_UILaunchScreen_Generation = YES;
				INFOPLIST_KEY_UISupportedInterfaceOrientations_iPad = "UIInterfaceOrientationPortrait UIInterfaceOrientationPortraitUpsideDown UIInterfaceOrientationLandscapeLeft UIInterfaceOrientationLandscapeRight";
				INFOPLIST_KEY_UISupportedInterfaceOrientations_iPhone = "UIInterfaceOrientationPortrait UIInterfaceOrientationLandscapeLeft UIInterfaceOrientationLandscapeRight";
				LD_RUNPATH_SEARCH_PATHS = (
					"$(inherited)",
					"@executable_path/Frameworks",
				);
				MARKETING_VERSION = 1.0;
				PRODUCT_BUNDLE_IDENTIFIER = com.example.DesafioGitHub;
				PRODUCT_NAME = "$(TARGET_NAME)";
				SWIFT_EMIT_LOC_STRINGS = YES;
				SWIFT_VERSION = 5.0;
				TARGETED_DEVICE_FAMILY = "1,2";
			};
			name = Debug;
		};
		0ED354C5276A24E6002C4D81 /* Release */ = {
			isa = XCBuildConfiguration;
			buildSettings = {
				ASSETCATALOG_COMPILER_APPICON_NAME = AppIcon;
				ASSETCATALOG_COMPILER_GLOBAL_ACCENT_COLOR_NAME = AccentColor;
				CODE_SIGN_STYLE = Automatic;
				CURRENT_PROJECT_VERSION = 1;
				DEVELOPMENT_ASSET_PATHS = "\"DesafioGitHub/Preview Content\"";
				ENABLE_PREVIEWS = YES;
				GENERATE_INFOPLIST_FILE = YES;
				INFOPLIST_KEY_UIApplicationSceneManifest_Generation = YES;
				INFOPLIST_KEY_UIApplicationSupportsIndirectInputEvents = YES;
				INFOPLIST_KEY_UILaunchScreen_Generation = YES;
				INFOPLIST_KEY_UISupportedInterfaceOrientations_iPad = "UIInterfaceOrientationPortrait UIInterfaceOrientationPortraitUpsideDown UIInterfaceOrientationLandscapeLeft UIInterfaceOrientationLandscapeRight";
				INFOPLIST_KEY_UISupportedInterfaceOrientations_iPhone = "UIInterfaceOrientationPortrait UIInterfaceOrientationLandscapeLeft UIInterfaceOrientationLandscapeRight";
				LD_RUNPATH_SEARCH_PATHS = (
					"$(inherited)",
					"@executable_path/Frameworks",
				);
				MARKETING_VERSION = 1.0;
				PRODUCT_BUNDLE_IDENTIFIER = com.example.DesafioGitHub;
				PRODUCT_NAME = "$(TARGET_NAME)";
				SWIFT_EMIT_LOC_STRINGS = YES;
				SWIFT_VERSION = 5.0;
				TARGETED_DEVICE_FAMILY = "1,2";
			};
			name = Release;
		};
		0ED354C7276A24E6002C4D81 /* Debug */ = {
			isa = XCBuildConfiguration;
			buildSettings = {
				ALWAYS_EMBED_SWIFT_STANDARD_LIBRARIES = YES;
				BUNDLE_LOADER = "$(TEST_HOST)";
				CODE_SIGN_STYLE = Automatic;
				CURRENT_PROJECT_VERSION = 1;
				GENERATE_INFOPLIST_FILE = YES;
				IPHONEOS_DEPLOYMENT_TARGET = 15.0;
				LD_RUNPATH_SEARCH_PATHS = (
					"$(inherited)",
					"@executable_path/Frameworks",
					"@loader_path/Frameworks",
				);
				MARKETING_VERSION = 1.0;
				PRODUCT_BUNDLE_IDENTIFIER = com.example.DesafioGitHubTests;
				PRODUCT_NAME = "$(TARGET_NAME)";
				SWIFT_EMIT_LOC_STRINGS = NO;
				SWIFT_VERSION = 5.0;
				TARGETED_DEVICE_FAMILY = "1,2";
				TEST_HOST = "$(BUILT_PRODUCTS_DIR)/DesafioGitHub.app/DesafioGitHub";
			};
			name = Debug;
		};
		0ED354C8276A24E6002C4D81 /* Release */ = {
			isa = XCBuildConfiguration;
			buildSettings = {
				ALWAYS_EMBED_SWIFT_STANDARD_LIBRARIES = YES;
				BUNDLE_LOADER = "$(TEST_HOST)";
				CODE_SIGN_STYLE = Automatic;
				CURRENT_PROJECT_VERSION = 1;
				GENERATE_INFOPLIST_FILE = YES;
				IPHONEOS_DEPLOYMENT_TARGET = 15.0;
				LD_RUNPATH_SEARCH_PATHS = (
					"$(inherited)",
					"@executable_path/Frameworks",
					"@loader_path/Frameworks",
				);
				MARKETING_VERSION = 1.0;
				PRODUCT_BUNDLE_IDENTIFIER = com.example.DesafioGitHubTests;
				PRODUCT_NAME = "$(TARGET_NAME)";
				SWIFT_EMIT_LOC_STRINGS = NO;
				SWIFT_VERSION = 5.0;
				TARGETED_DEVICE_FAMILY = "1,2";
				TEST_HOST = "$(BUILT_PRODUCTS_DIR)/DesafioGitHub.app/DesafioGitHub";
			};
			name = Release;
		};
		0ED354CA276A24E6002C4D81 /* Debug */ = {
			isa = XCBuildConfiguration;
			buildSettings = {
				ALWAYS_EMBED_SWIFT_STANDARD_LIBRARIES = YES;
				CODE_SIGN_STYLE = Automatic;
				CURRENT_PROJECT_VERSION = 1;
				GENERATE_INFOPLIST_FILE = YES;
				LD_RUNPATH_SEARCH_PATHS = (
					"$(inherited)",
					"@executable_path/Frameworks",
					"@loader_path/Frameworks",
				);
				MARKETING_VERSION = 1.0;
				PRODUCT_BUNDLE_IDENTIFIER = com.example.DesafioGitHubUITests;
				PRODUCT_NAME = "$(TARGET_NAME)";
				SWIFT_EMIT_LOC_STRINGS = NO;
				SWIFT_VERSION = 5.0;
				TARGETED_DEVICE_FAMILY = "1,2";
				TEST_TARGET_NAME = DesafioGitHub;
			};
			name = Debug;
		};
		0ED354CB276A24E6002C4D81 /* Release */ = {
			isa = XCBuildConfiguration;
			buildSettings = {
				ALWAYS_EMBED_SWIFT_STANDARD_LIBRARIES = YES;
				CODE_SIGN_STYLE = Automatic;
				CURRENT_PROJECT_VERSION = 1;
				GENERATE_INFOPLIST_FILE = YES;
				LD_RUNPATH_SEARCH_PATHS = (
					"$(inherited)",
					"@executable_path/Frameworks",
					"@loader_path/Frameworks",
				);
				MARKETING_VERSION = 1.0;
				PRODUCT_BUNDLE_IDENTIFIER = com.example.DesafioGitHubUITests;
				PRODUCT_NAME = "$(TARGET_NAME)";
				SWIFT_EMIT_LOC_STRINGS = NO;
				SWIFT_VERSION = 5.0;
				TARGETED_DEVICE_FAMILY = "1,2";
				TEST_TARGET_NAME = DesafioGitHub;
			};
			name = Release;
		};
/* End XCBuildConfiguration section */

/* Begin XCConfigurationList section */
		0ED3549A276A24E4002C4D81 /* Build configuration list for PBXProject "DesafioGitHub" */ = {
			isa = XCConfigurationList;
			buildConfigurations = (
				0ED354C1276A24E6002C4D81 /* Debug */,
				0ED354C2276A24E6002C4D81 /* Release */,
			);
			defaultConfigurationIsVisible = 0;
			defaultConfigurationName = Release;
		};
		0ED354C3276A24E6002C4D81 /* Build configuration list for PBXNativeTarget "DesafioGitHub" */ = {
			isa = XCConfigurationList;
			buildConfigurations = (
				0ED354C4276A24E6002C4D81 /* Debug */,
				0ED354C5276A24E6002C4D81 /* Release */,
			);
			defaultConfigurationIsVisible = 0;
			defaultConfigurationName = Release;
		};
		0ED354C6276A24E6002C4D81 /* Build configuration list for PBXNativeTarget "DesafioGitHubTests" */ = {
			isa = XCConfigurationList;
			buildConfigurations = (
				0ED354C7276A24E6002C4D81 /* Debug */,
				0ED354C8276A24E6002C4D81 /* Release */,
			);
			defaultConfigurationIsVisible = 0;
			defaultConfigurationName = Release;
		};
		0ED354C9276A24E6002C4D81 /* Build configuration list for PBXNativeTarget "DesafioGitHubUITests" */ = {
			isa = XCConfigurationList;
			buildConfigurations = (
				0ED354CA276A24E6002C4D81 /* Debug */,
				0ED354CB276A24E6002C4D81 /* Release */,
			);
			defaultConfigurationIsVisible = 0;
			defaultConfigurationName = Release;
		};
/* End XCConfigurationList section */

/* Begin XCRemoteSwiftPackageReference section */
		0ED354D5276A5CE1002C4D81 /* XCRemoteSwiftPackageReference "Alamofire" */ = {
			isa = XCRemoteSwiftPackageReference;
			repositoryURL = "https://github.com/Alamofire/Alamofire";
			requirement = {
				branch = master;
				kind = branch;
			};
		};
/* End XCRemoteSwiftPackageReference section */

/* Begin XCSwiftPackageProductDependency section */
		0ED354D6276A5CE1002C4D81 /* Alamofire */ = {
			isa = XCSwiftPackageProductDependency;
			package = 0ED354D5276A5CE1002C4D81 /* XCRemoteSwiftPackageReference "Alamofire" */;
			productName = Alamofire;
		};
/* End XCSwiftPackageProductDependency section */
	};
	rootObject = 0ED35497276A24E4002C4D81 /* Project object */;
}
